// !$*UTF8*$!
{
	archiveVersion = 1;
	classes = {
	};
	objectVersion = 50;
	objects = {

/* Begin PBXBuildFile section */
		CE68A807262977B900F89901 /* Constants.swift in Sources */ = {isa = PBXBuildFile; fileRef = CE68A806262977B900F89901 /* Constants.swift */; };
		CE68A80E26298DE000F89901 /* GalleryViewController.swift in Sources */ = {isa = PBXBuildFile; fileRef = CE68A80D26298DE000F89901 /* GalleryViewController.swift */; };
		CE68A81226299A9F00F89901 /* PhotoCollectionViewCell.swift in Sources */ = {isa = PBXBuildFile; fileRef = CE68A81126299A9F00F89901 /* PhotoCollectionViewCell.swift */; };
		CE7C7D27262D923000B68C75 /* SelectedImageViewController.swift in Sources */ = {isa = PBXBuildFile; fileRef = CE7C7D26262D923000B68C75 /* SelectedImageViewController.swift */; };
		CED3A5522625801A008D272F /* AppDelegate.swift in Sources */ = {isa = PBXBuildFile; fileRef = CED3A5512625801A008D272F /* AppDelegate.swift */; };
		CED3A5542625801A008D272F /* SceneDelegate.swift in Sources */ = {isa = PBXBuildFile; fileRef = CED3A5532625801A008D272F /* SceneDelegate.swift */; };
		CED3A5562625801A008D272F /* StartViewController.swift in Sources */ = {isa = PBXBuildFile; fileRef = CED3A5552625801A008D272F /* StartViewController.swift */; };
		CED3A5592625801A008D272F /* Main.storyboard in Resources */ = {isa = PBXBuildFile; fileRef = CED3A5572625801A008D272F /* Main.storyboard */; };
		CED3A55B2625801B008D272F /* Assets.xcassets in Resources */ = {isa = PBXBuildFile; fileRef = CED3A55A2625801B008D272F /* Assets.xcassets */; };
		CED3A55E2625801B008D272F /* LaunchScreen.storyboard in Resources */ = {isa = PBXBuildFile; fileRef = CED3A55C2625801B008D272F /* LaunchScreen.storyboard */; };
		CEF8CF85262DD48400F0CE43 /* swiftlint.yml in Resources */ = {isa = PBXBuildFile; fileRef = CEF8CF84262DD48400F0CE43 /* swiftlint.yml */; };
		EDAF1AE0D422785D43E31DCE /* Pods_Gallery.framework in Frameworks */ = {isa = PBXBuildFile; fileRef = A2F8A5FEFF07CCD49F99FCD8 /* Pods_Gallery.framework */; };
/* End PBXBuildFile section */

/* Begin PBXFileReference section */
		1F6CAD6D04CFA53964493CAB /* Pods-Gallery.release.xcconfig */ = {isa = PBXFileReference; includeInIndex = 1; lastKnownFileType = text.xcconfig; name = "Pods-Gallery.release.xcconfig"; path = "Target Support Files/Pods-Gallery/Pods-Gallery.release.xcconfig"; sourceTree = "<group>"; };
		388744FD0C059EBA17A21A8E /* Pods-Gallery.debug.xcconfig */ = {isa = PBXFileReference; includeInIndex = 1; lastKnownFileType = text.xcconfig; name = "Pods-Gallery.debug.xcconfig"; path = "Target Support Files/Pods-Gallery/Pods-Gallery.debug.xcconfig"; sourceTree = "<group>"; };
		A2F8A5FEFF07CCD49F99FCD8 /* Pods_Gallery.framework */ = {isa = PBXFileReference; explicitFileType = wrapper.framework; includeInIndex = 0; path = Pods_Gallery.framework; sourceTree = BUILT_PRODUCTS_DIR; };
		CE68A806262977B900F89901 /* Constants.swift */ = {isa = PBXFileReference; lastKnownFileType = sourcecode.swift; path = Constants.swift; sourceTree = "<group>"; };
		CE68A80D26298DE000F89901 /* GalleryViewController.swift */ = {isa = PBXFileReference; lastKnownFileType = sourcecode.swift; path = GalleryViewController.swift; sourceTree = "<group>"; };
		CE68A81126299A9F00F89901 /* PhotoCollectionViewCell.swift */ = {isa = PBXFileReference; lastKnownFileType = sourcecode.swift; path = PhotoCollectionViewCell.swift; sourceTree = "<group>"; };
		CE7C7D26262D923000B68C75 /* SelectedImageViewController.swift */ = {isa = PBXFileReference; lastKnownFileType = sourcecode.swift; path = SelectedImageViewController.swift; sourceTree = "<group>"; };
		CED3A54E2625801A008D272F /* Gallery.app */ = {isa = PBXFileReference; explicitFileType = wrapper.application; includeInIndex = 0; path = Gallery.app; sourceTree = BUILT_PRODUCTS_DIR; };
		CED3A5512625801A008D272F /* AppDelegate.swift */ = {isa = PBXFileReference; lastKnownFileType = sourcecode.swift; path = AppDelegate.swift; sourceTree = "<group>"; };
		CED3A5532625801A008D272F /* SceneDelegate.swift */ = {isa = PBXFileReference; lastKnownFileType = sourcecode.swift; path = SceneDelegate.swift; sourceTree = "<group>"; };
		CED3A5552625801A008D272F /* StartViewController.swift */ = {isa = PBXFileReference; lastKnownFileType = sourcecode.swift; path = StartViewController.swift; sourceTree = "<group>"; };
		CED3A5582625801A008D272F /* Base */ = {isa = PBXFileReference; lastKnownFileType = file.storyboard; name = Base; path = Base.lproj/Main.storyboard; sourceTree = "<group>"; };
		CED3A55A2625801B008D272F /* Assets.xcassets */ = {isa = PBXFileReference; lastKnownFileType = folder.assetcatalog; path = Assets.xcassets; sourceTree = "<group>"; };
		CED3A55D2625801B008D272F /* Base */ = {isa = PBXFileReference; lastKnownFileType = file.storyboard; name = Base; path = Base.lproj/LaunchScreen.storyboard; sourceTree = "<group>"; };
		CED3A55F2625801B008D272F /* Info.plist */ = {isa = PBXFileReference; lastKnownFileType = text.plist.xml; path = Info.plist; sourceTree = "<group>"; };
		CEF8CF84262DD48400F0CE43 /* swiftlint.yml */ = {isa = PBXFileReference; fileEncoding = 4; lastKnownFileType = text.yaml; path = swiftlint.yml; sourceTree = "<group>"; };
/* End PBXFileReference section */

/* Begin PBXFrameworksBuildPhase section */
		CED3A54B2625801A008D272F /* Frameworks */ = {
			isa = PBXFrameworksBuildPhase;
			buildActionMask = 2147483647;
			files = (
				EDAF1AE0D422785D43E31DCE /* Pods_Gallery.framework in Frameworks */,
			);
			runOnlyForDeploymentPostprocessing = 0;
		};
/* End PBXFrameworksBuildPhase section */

/* Begin PBXGroup section */
		74148ACBEB5509E8B7316326 /* Pods */ = {
			isa = PBXGroup;
			children = (
				388744FD0C059EBA17A21A8E /* Pods-Gallery.debug.xcconfig */,
				1F6CAD6D04CFA53964493CAB /* Pods-Gallery.release.xcconfig */,
			);
			path = Pods;
			sourceTree = "<group>";
		};
		AA4C73A91FF7C6B0C9676BDB /* Frameworks */ = {
			isa = PBXGroup;
			children = (
				A2F8A5FEFF07CCD49F99FCD8 /* Pods_Gallery.framework */,
			);
			name = Frameworks;
			sourceTree = "<group>";
		};
		CE1758F22625D5AE00C475B2 /* Application */ = {
			isa = PBXGroup;
			children = (
				CED3A5512625801A008D272F /* AppDelegate.swift */,
				CED3A5532625801A008D272F /* SceneDelegate.swift */,
			);
			path = Application;
			sourceTree = "<group>";
		};
		CE1758F32625D5D200C475B2 /* Modules */ = {
			isa = PBXGroup;
			children = (
				CED3A5552625801A008D272F /* StartViewController.swift */,
				CE68A80D26298DE000F89901 /* GalleryViewController.swift */,
				CE7C7D26262D923000B68C75 /* SelectedImageViewController.swift */,
				CED3A5572625801A008D272F /* Main.storyboard */,
				CED3A55C2625801B008D272F /* LaunchScreen.storyboard */,
			);
			path = Modules;
			sourceTree = "<group>";
		};
		CE1758F52625D61B00C475B2 /* Resources */ = {
			isa = PBXGroup;
			children = (
				CED3A55A2625801B008D272F /* Assets.xcassets */,
			);
			path = Resources;
			sourceTree = "<group>";
		};
		CE68A8052629773800F89901 /* Utils */ = {
			isa = PBXGroup;
			children = (
				CE68A806262977B900F89901 /* Constants.swift */,
			);
			path = Utils;
			sourceTree = "<group>";
		};
		CE7C7D2A262DAF0700B68C75 /* Views */ = {
			isa = PBXGroup;
			children = (
				CE68A81126299A9F00F89901 /* PhotoCollectionViewCell.swift */,
			);
			path = Views;
			sourceTree = "<group>";
		};
		CED3A5452625801A008D272F = {
			isa = PBXGroup;
			children = (
				CEF8CF84262DD48400F0CE43 /* swiftlint.yml */,
				CED3A5502625801A008D272F /* Gallery */,
				CED3A54F2625801A008D272F /* Products */,
				74148ACBEB5509E8B7316326 /* Pods */,
				AA4C73A91FF7C6B0C9676BDB /* Frameworks */,
			);
			sourceTree = "<group>";
		};
		CED3A54F2625801A008D272F /* Products */ = {
			isa = PBXGroup;
			children = (
				CED3A54E2625801A008D272F /* Gallery.app */,
			);
			name = Products;
			sourceTree = "<group>";
		};
		CED3A5502625801A008D272F /* Gallery */ = {
			isa = PBXGroup;
			children = (
				CE1758F22625D5AE00C475B2 /* Application */,
				CE1758F32625D5D200C475B2 /* Modules */,
				CE1758F52625D61B00C475B2 /* Resources */,
				CE68A8052629773800F89901 /* Utils */,
				CE7C7D2A262DAF0700B68C75 /* Views */,
				CED3A55F2625801B008D272F /* Info.plist */,
			);
			path = Gallery;
			sourceTree = "<group>";
		};
/* End PBXGroup section */

/* Begin PBXNativeTarget section */
		CED3A54D2625801A008D272F /* Gallery */ = {
			isa = PBXNativeTarget;
			buildConfigurationList = CED3A5622625801B008D272F /* Build configuration list for PBXNativeTarget "Gallery" */;
			buildPhases = (
				0F073209569C4BAC25F873AA /* [CP] Check Pods Manifest.lock */,
				CED3A54A2625801A008D272F /* Sources */,
				CED3A54B2625801A008D272F /* Frameworks */,
				CED3A54C2625801A008D272F /* Resources */,
				CEB59F722625EEB300BB9932 /* ShellScript */,
			);
			buildRules = (
			);
			dependencies = (
			);
			name = Gallery;
			productName = Gallery;
			productReference = CED3A54E2625801A008D272F /* Gallery.app */;
			productType = "com.apple.product-type.application";
		};
/* End PBXNativeTarget section */

/* Begin PBXProject section */
		CED3A5462625801A008D272F /* Project object */ = {
			isa = PBXProject;
			attributes = {
				LastSwiftUpdateCheck = 1240;
				LastUpgradeCheck = 1240;
				TargetAttributes = {
					CED3A54D2625801A008D272F = {
						CreatedOnToolsVersion = 12.4;
					};
				};
			};
			buildConfigurationList = CED3A5492625801A008D272F /* Build configuration list for PBXProject "Gallery" */;
			compatibilityVersion = "Xcode 9.3";
			developmentRegion = en;
			hasScannedForEncodings = 0;
			knownRegions = (
				en,
				Base,
			);
			mainGroup = CED3A5452625801A008D272F;
			productRefGroup = CED3A54F2625801A008D272F /* Products */;
			projectDirPath = "";
			projectRoot = "";
			targets = (
				CED3A54D2625801A008D272F /* Gallery */,
			);
		};
/* End PBXProject section */

/* Begin PBXResourcesBuildPhase section */
		CED3A54C2625801A008D272F /* Resources */ = {
			isa = PBXResourcesBuildPhase;
			buildActionMask = 2147483647;
			files = (
				CED3A55E2625801B008D272F /* LaunchScreen.storyboard in Resources */,
				CEF8CF85262DD48400F0CE43 /* swiftlint.yml in Resources */,
				CED3A55B2625801B008D272F /* Assets.xcassets in Resources */,
				CED3A5592625801A008D272F /* Main.storyboard in Resources */,
			);
			runOnlyForDeploymentPostprocessing = 0;
		};
/* End PBXResourcesBuildPhase section */

/* Begin PBXShellScriptBuildPhase section */
		0F073209569C4BAC25F873AA /* [CP] Check Pods Manifest.lock */ = {
			isa = PBXShellScriptBuildPhase;
			buildActionMask = 2147483647;
			files = (
			);
			inputFileListPaths = (
			);
			inputPaths = (
				"${PODS_PODFILE_DIR_PATH}/Podfile.lock",
				"${PODS_ROOT}/Manifest.lock",
			);
			name = "[CP] Check Pods Manifest.lock";
			outputFileListPaths = (
			);
			outputPaths = (
				"$(DERIVED_FILE_DIR)/Pods-Gallery-checkManifestLockResult.txt",
			);
			runOnlyForDeploymentPostprocessing = 0;
			shellPath = /bin/sh;
			shellScript = "diff \"${PODS_PODFILE_DIR_PATH}/Podfile.lock\" \"${PODS_ROOT}/Manifest.lock\" > /dev/null\nif [ $? != 0 ] ; then\n    # print error to STDERR\n    echo \"error: The sandbox is not in sync with the Podfile.lock. Run 'pod install' or update your CocoaPods installation.\" >&2\n    exit 1\nfi\n# This output is used by Xcode 'outputs' to avoid re-running this script phase.\necho \"SUCCESS\" > \"${SCRIPT_OUTPUT_FILE_0}\"\n";
			showEnvVarsInLog = 0;
		};
		CEB59F722625EEB300BB9932 /* ShellScript */ = {
			isa = PBXShellScriptBuildPhase;
			buildActionMask = 2147483647;
			files = (
			);
			inputFileListPaths = (
			);
			inputPaths = (
			);
			outputFileListPaths = (
			);
			outputPaths = (
			);
			runOnlyForDeploymentPostprocessing = 0;
			shellPath = /bin/sh;
			shellScript = "# Type a script or drag a script file from your workspace to insert its path.\n\"${PODS_ROOT}/SwiftLint/swiftlint\"\n";
		};
/* End PBXShellScriptBuildPhase section */

/* Begin PBXSourcesBuildPhase section */
		CED3A54A2625801A008D272F /* Sources */ = {
			isa = PBXSourcesBuildPhase;
			buildActionMask = 2147483647;
			files = (
				CED3A5562625801A008D272F /* StartViewController.swift in Sources */,
				CED3A5522625801A008D272F /* AppDelegate.swift in Sources */,
				CE68A80E26298DE000F89901 /* GalleryViewController.swift in Sources */,
				CED3A5542625801A008D272F /* SceneDelegate.swift in Sources */,
				CE7C7D27262D923000B68C75 /* SelectedImageViewController.swift in Sources */,
				CE68A807262977B900F89901 /* Constants.swift in Sources */,
				CE68A81226299A9F00F89901 /* PhotoCollectionViewCell.swift in Sources */,
			);
			runOnlyForDeploymentPostprocessing = 0;
		};
/* End PBXSourcesBuildPhase section */

/* Begin PBXVariantGroup section */
		CED3A5572625801A008D272F /* Main.storyboard */ = {
			isa = PBXVariantGroup;
			children = (
				CED3A5582625801A008D272F /* Base */,
			);
			name = Main.storyboard;
			sourceTree = "<group>";
		};
		CED3A55C2625801B008D272F /* LaunchScreen.storyboard */ = {
			isa = PBXVariantGroup;
			children = (
				CED3A55D2625801B008D272F /* Base */,
			);
			name = LaunchScreen.storyboard;
			sourceTree = "<group>";
		};
/* End PBXVariantGroup section */

/* Begin XCBuildConfiguration section */
		CED3A5602625801B008D272F /* Debug */ = {
			isa = XCBuildConfiguration;
			buildSettings = {
				ALWAYS_SEARCH_USER_PATHS = NO;
				CLANG_ANALYZER_NONNULL = YES;
				CLANG_ANALYZER_NUMBER_OBJECT_CONVERSION = YES_AGGRESSIVE;
				CLANG_CXX_LANGUAGE_STANDARD = "gnu++14";
				CLANG_CXX_LIBRARY = "libc++";
				CLANG_ENABLE_MODULES = YES;
				CLANG_ENABLE_OBJC_ARC = YES;
				CLANG_ENABLE_OBJC_WEAK = YES;
				CLANG_WARN_BLOCK_CAPTURE_AUTORELEASING = YES;
				CLANG_WARN_BOOL_CONVERSION = YES;
				CLANG_WARN_COMMA = YES;
				CLANG_WARN_CONSTANT_CONVERSION = YES;
				CLANG_WARN_DEPRECATED_OBJC_IMPLEMENTATIONS = YES;
				CLANG_WARN_DIRECT_OBJC_ISA_USAGE = YES_ERROR;
				CLANG_WARN_DOCUMENTATION_COMMENTS = YES;
				CLANG_WARN_EMPTY_BODY = YES;
				CLANG_WARN_ENUM_CONVERSION = YES;
				CLANG_WARN_INFINITE_RECURSION = YES;
				CLANG_WARN_INT_CONVERSION = YES;
				CLANG_WARN_NON_LITERAL_NULL_CONVERSION = YES;
				CLANG_WARN_OBJC_IMPLICIT_RETAIN_SELF = YES;
				CLANG_WARN_OBJC_LITERAL_CONVERSION = YES;
				CLANG_WARN_OBJC_ROOT_CLASS = YES_ERROR;
				CLANG_WARN_QUOTED_INCLUDE_IN_FRAMEWORK_HEADER = YES;
				CLANG_WARN_RANGE_LOOP_ANALYSIS = YES;
				CLANG_WARN_STRICT_PROTOTYPES = YES;
				CLANG_WARN_SUSPICIOUS_MOVE = YES;
				CLANG_WARN_UNGUARDED_AVAILABILITY = YES_AGGRESSIVE;
				CLANG_WARN_UNREACHABLE_CODE = YES;
				CLANG_WARN__DUPLICATE_METHOD_MATCH = YES;
				COPY_PHASE_STRIP = NO;
				DEBUG_INFORMATION_FORMAT = dwarf;
				ENABLE_STRICT_OBJC_MSGSEND = YES;
				ENABLE_TESTABILITY = YES;
				GCC_C_LANGUAGE_STANDARD = gnu11;
				GCC_DYNAMIC_NO_PIC = NO;
				GCC_NO_COMMON_BLOCKS = YES;
				GCC_OPTIMIZATION_LEVEL = 0;
				GCC_PREPROCESSOR_DEFINITIONS = (
					"DEBUG=1",
					"$(inherited)",
				);
				GCC_WARN_64_TO_32_BIT_CONVERSION = YES;
				GCC_WARN_ABOUT_RETURN_TYPE = YES_ERROR;
				GCC_WARN_UNDECLARED_SELECTOR = YES;
				GCC_WARN_UNINITIALIZED_AUTOS = YES_AGGRESSIVE;
				GCC_WARN_UNUSED_FUNCTION = YES;
				GCC_WARN_UNUSED_VARIABLE = YES;
				IPHONEOS_DEPLOYMENT_TARGET = 13.0;
				MTL_ENABLE_DEBUG_INFO = INCLUDE_SOURCE;
				MTL_FAST_MATH = YES;
				ONLY_ACTIVE_ARCH = YES;
				SDKROOT = iphoneos;
				SWIFT_ACTIVE_COMPILATION_CONDITIONS = DEBUG;
				SWIFT_OPTIMIZATION_LEVEL = "-Onone";
			};
			name = Debug;
		};
		CED3A5612625801B008D272F /* Release */ = {
			isa = XCBuildConfiguration;
			buildSettings = {
				ALWAYS_SEARCH_USER_PATHS = NO;
				CLANG_ANALYZER_NONNULL = YES;
				CLANG_ANALYZER_NUMBER_OBJECT_CONVERSION = YES_AGGRESSIVE;
				CLANG_CXX_LANGUAGE_STANDARD = "gnu++14";
				CLANG_CXX_LIBRARY = "libc++";
				CLANG_ENABLE_MODULES = YES;
				CLANG_ENABLE_OBJC_ARC = YES;
				CLANG_ENABLE_OBJC_WEAK = YES;
				CLANG_WARN_BLOCK_CAPTURE_AUTORELEASING = YES;
				CLANG_WARN_BOOL_CONVERSION = YES;
				CLANG_WARN_COMMA = YES;
				CLANG_WARN_CONSTANT_CONVERSION = YES;
				CLANG_WARN_DEPRECATED_OBJC_IMPLEMENTATIONS = YES;
				CLANG_WARN_DIRECT_OBJC_ISA_USAGE = YES_ERROR;
				CLANG_WARN_DOCUMENTATION_COMMENTS = YES;
				CLANG_WARN_EMPTY_BODY = YES;
				CLANG_WARN_ENUM_CONVERSION = YES;
				CLANG_WARN_INFINITE_RECURSION = YES;
				CLANG_WARN_INT_CONVERSION = YES;
				CLANG_WARN_NON_LITERAL_NULL_CONVERSION = YES;
				CLANG_WARN_OBJC_IMPLICIT_RETAIN_SELF = YES;
				CLANG_WARN_OBJC_LITERAL_CONVERSION = YES;
				CLANG_WARN_OBJC_ROOT_CLASS = YES_ERROR;
				CLANG_WARN_QUOTED_INCLUDE_IN_FRAMEWORK_HEADER = YES;
				CLANG_WARN_RANGE_LOOP_ANALYSIS = YES;
				CLANG_WARN_STRICT_PROTOTYPES = YES;
				CLANG_WARN_SUSPICIOUS_MOVE = YES;
				CLANG_WARN_UNGUARDED_AVAILABILITY = YES_AGGRESSIVE;
				CLANG_WARN_UNREACHABLE_CODE = YES;
				CLANG_WARN__DUPLICATE_METHOD_MATCH = YES;
				COPY_PHASE_STRIP = NO;
				DEBUG_INFORMATION_FORMAT = "dwarf-with-dsym";
				ENABLE_NS_ASSERTIONS = NO;
				ENABLE_STRICT_OBJC_MSGSEND = YES;
				GCC_C_LANGUAGE_STANDARD = gnu11;
				GCC_NO_COMMON_BLOCKS = YES;
				GCC_WARN_64_TO_32_BIT_CONVERSION = YES;
				GCC_WARN_ABOUT_RETURN_TYPE = YES_ERROR;
				GCC_WARN_UNDECLARED_SELECTOR = YES;
				GCC_WARN_UNINITIALIZED_AUTOS = YES_AGGRESSIVE;
				GCC_WARN_UNUSED_FUNCTION = YES;
				GCC_WARN_UNUSED_VARIABLE = YES;
				IPHONEOS_DEPLOYMENT_TARGET = 13.0;
				MTL_ENABLE_DEBUG_INFO = NO;
				MTL_FAST_MATH = YES;
				SDKROOT = iphoneos;
				SWIFT_COMPILATION_MODE = wholemodule;
				SWIFT_OPTIMIZATION_LEVEL = "-O";
				VALIDATE_PRODUCT = YES;
			};
			name = Release;
		};
		CED3A5632625801B008D272F /* Debug */ = {
			isa = XCBuildConfiguration;
			baseConfigurationReference = 388744FD0C059EBA17A21A8E /* Pods-Gallery.debug.xcconfig */;
			buildSettings = {
				ASSETCATALOG_COMPILER_APPICON_NAME = AppIcon;
				ASSETCATALOG_COMPILER_GLOBAL_ACCENT_COLOR_NAME = AccentColor;
				CODE_SIGN_STYLE = Automatic;
				DEVELOPMENT_TEAM = V2C9AD2CM5;
				INFOPLIST_FILE = Gallery/Info.plist;
				IPHONEOS_DEPLOYMENT_TARGET = 13.0;
				LD_RUNPATH_SEARCH_PATHS = (
					"$(inherited)",
					"@executable_path/Frameworks",
				);
				PRODUCT_BUNDLE_IDENTIFIER = com.vironit.test.Gallery;
				PRODUCT_NAME = "$(TARGET_NAME)";
				SWIFT_VERSION = 5.0;
				TARGETED_DEVICE_FAMILY = "1,2";
			};
			name = Debug;
		};
		CED3A5642625801B008D272F /* Release */ = {
			isa = XCBuildConfiguration;
			baseConfigurationReference = 1F6CAD6D04CFA53964493CAB /* Pods-Gallery.release.xcconfig */;
			buildSettings = {
				ASSETCATALOG_COMPILER_APPICON_NAME = AppIcon;
				ASSETCATALOG_COMPILER_GLOBAL_ACCENT_COLOR_NAME = AccentColor;
				CODE_SIGN_STYLE = Automatic;
				DEVELOPMENT_TEAM = V2C9AD2CM5;
				INFOPLIST_FILE = Gallery/Info.plist;
				IPHONEOS_DEPLOYMENT_TARGET = 13.0;
				LD_RUNPATH_SEARCH_PATHS = (
					"$(inherited)",
					"@executable_path/Frameworks",
				);
				PRODUCT_BUNDLE_IDENTIFIER = com.vironit.test.Gallery;
				PRODUCT_NAME = "$(TARGET_NAME)";
				SWIFT_VERSION = 5.0;
				TARGETED_DEVICE_FAMILY = "1,2";
			};
			name = Release;
		};
/* End XCBuildConfiguration section */

/* Begin XCConfigurationList section */
		CED3A5492625801A008D272F /* Build configuration list for PBXProject "Gallery" */ = {
			isa = XCConfigurationList;
			buildConfigurations = (
				CED3A5602625801B008D272F /* Debug */,
				CED3A5612625801B008D272F /* Release */,
			);
			defaultConfigurationIsVisible = 0;
			defaultConfigurationName = Release;
		};
		CED3A5622625801B008D272F /* Build configuration list for PBXNativeTarget "Gallery" */ = {
			isa = XCConfigurationList;
			buildConfigurations = (
				CED3A5632625801B008D272F /* Debug */,
				CED3A5642625801B008D272F /* Release */,
			);
			defaultConfigurationIsVisible = 0;
			defaultConfigurationName = Release;
		};
/* End XCConfigurationList section */
	};
	rootObject = CED3A5462625801A008D272F /* Project object */;
}
